// !$*UTF8*$!
{
	archiveVersion = 1;
	classes = {
	};
	objectVersion = 56;
	objects = {

/* Begin PBXBuildFile section */
		B99EDE9D291D81C4009388D2 /* EncryptApp.swift in Sources */ = {isa = PBXBuildFile; fileRef = B99EDE9C291D81C4009388D2 /* EncryptApp.swift */; };
		B99EDE9F291D81C4009388D2 /* Selector.swift in Sources */ = {isa = PBXBuildFile; fileRef = B99EDE9E291D81C4009388D2 /* Selector.swift */; };
		B99EDEA1291D81C5009388D2 /* Assets.xcassets in Resources */ = {isa = PBXBuildFile; fileRef = B99EDEA0291D81C5009388D2 /* Assets.xcassets */; };
		B99EDEA4291D81C5009388D2 /* Preview Assets.xcassets in Resources */ = {isa = PBXBuildFile; fileRef = B99EDEA3291D81C5009388D2 /* Preview Assets.xcassets */; };
		BE4523936D29EB01D2BB9555 /* Lab6Task1.swift in Sources */ = {isa = PBXBuildFile; fileRef = BE452A515E890DC93AD2F69D /* Lab6Task1.swift */; };
		BE45274DB625FC8BCF57925D /* Lab4Task2.swift in Sources */ = {isa = PBXBuildFile; fileRef = BE452FB76E5BB103FDD672AC /* Lab4Task2.swift */; };
		BE4529FEECD7ECAFE6557347 /* Lab4Task1.swift in Sources */ = {isa = PBXBuildFile; fileRef = BE452632025274F9852F5D63 /* Lab4Task1.swift */; };
		BE452B2ED3747871FE2F02A8 /* Lab7Task1.swift in Sources */ = {isa = PBXBuildFile; fileRef = BE4520EE84922E672645AD40 /* Lab7Task1.swift */; };
/* End PBXBuildFile section */

/* Begin PBXFileReference section */
		B99EDE99291D81C4009388D2 /* Encrypt.app */ = {isa = PBXFileReference; explicitFileType = wrapper.application; includeInIndex = 0; path = Encrypt.app; sourceTree = BUILT_PRODUCTS_DIR; };
		B99EDE9C291D81C4009388D2 /* EncryptApp.swift */ = {isa = PBXFileReference; lastKnownFileType = sourcecode.swift; path = EncryptApp.swift; sourceTree = "<group>"; };
		B99EDE9E291D81C4009388D2 /* Selector.swift */ = {isa = PBXFileReference; lastKnownFileType = sourcecode.swift; path = Selector.swift; sourceTree = "<group>"; };
		B99EDEA0291D81C5009388D2 /* Assets.xcassets */ = {isa = PBXFileReference; lastKnownFileType = folder.assetcatalog; path = Assets.xcassets; sourceTree = "<group>"; };
		B99EDEA3291D81C5009388D2 /* Preview Assets.xcassets */ = {isa = PBXFileReference; lastKnownFileType = folder.assetcatalog; path = "Preview Assets.xcassets"; sourceTree = "<group>"; };
		BE4520EE84922E672645AD40 /* Lab7Task1.swift */ = {isa = PBXFileReference; fileEncoding = 4; lastKnownFileType = sourcecode.swift; path = Lab7Task1.swift; sourceTree = "<group>"; };
		BE452632025274F9852F5D63 /* Lab4Task1.swift */ = {isa = PBXFileReference; fileEncoding = 4; lastKnownFileType = sourcecode.swift; path = Lab4Task1.swift; sourceTree = "<group>"; };
		BE452A515E890DC93AD2F69D /* Lab6Task1.swift */ = {isa = PBXFileReference; fileEncoding = 4; lastKnownFileType = sourcecode.swift; path = Lab6Task1.swift; sourceTree = "<group>"; };
		BE452FB76E5BB103FDD672AC /* Lab4Task2.swift */ = {isa = PBXFileReference; fileEncoding = 4; lastKnownFileType = sourcecode.swift; path = Lab4Task2.swift; sourceTree = "<group>"; };
/* End PBXFileReference section */

/* Begin PBXFrameworksBuildPhase section */
		B99EDE96291D81C4009388D2 /* Frameworks */ = {
			isa = PBXFrameworksBuildPhase;
			buildActionMask = 2147483647;
			files = (
			);
			runOnlyForDeploymentPostprocessing = 0;
		};
/* End PBXFrameworksBuildPhase section */

/* Begin PBXGroup section */
		B99EDE90291D81C4009388D2 = {
			isa = PBXGroup;
			children = (
				B99EDE9B291D81C4009388D2 /* Encrypt */,
				B99EDE9A291D81C4009388D2 /* Products */,
			);
			sourceTree = "<group>";
		};
		B99EDE9A291D81C4009388D2 /* Products */ = {
			isa = PBXGroup;
			children = (
				B99EDE99291D81C4009388D2 /* Encrypt.app */,
			);
			name = Products;
			sourceTree = "<group>";
		};
		B99EDE9B291D81C4009388D2 /* Encrypt */ = {
			isa = PBXGroup;
			children = (
				B99EDE9C291D81C4009388D2 /* EncryptApp.swift */,
				B99EDE9E291D81C4009388D2 /* Selector.swift */,
				B99EDEA0291D81C5009388D2 /* Assets.xcassets */,
				B99EDEA2291D81C5009388D2 /* Preview Content */,
				BE45298C1691405312B30193 /* Lab4 */,
				BE4521F5C716C2B2B2EEACB1 /* Lab6 */,
				BE452698DA55F20A4EE6ECE3 /* Lab7 */,
			);
			path = Encrypt;
			sourceTree = "<group>";
		};
		B99EDEA2291D81C5009388D2 /* Preview Content */ = {
			isa = PBXGroup;
			children = (
				B99EDEA3291D81C5009388D2 /* Preview Assets.xcassets */,
			);
			path = "Preview Content";
			sourceTree = "<group>";
		};
		BE4521F5C716C2B2B2EEACB1 /* Lab6 */ = {
			isa = PBXGroup;
			children = (
				BE452A515E890DC93AD2F69D /* Lab6Task1.swift */,
			);
			path = Lab6;
			sourceTree = "<group>";
		};
		BE452698DA55F20A4EE6ECE3 /* Lab7 */ = {
			isa = PBXGroup;
			children = (
				BE4520EE84922E672645AD40 /* Lab7Task1.swift */,
			);
			path = Lab7;
			sourceTree = "<group>";
		};
		BE45298C1691405312B30193 /* Lab4 */ = {
			isa = PBXGroup;
			children = (
				BE452FB76E5BB103FDD672AC /* Lab4Task2.swift */,
				BE452632025274F9852F5D63 /* Lab4Task1.swift */,
			);
			path = Lab4;
			sourceTree = "<group>";
		};
/* End PBXGroup section */

/* Begin PBXNativeTarget section */
		B99EDE98291D81C4009388D2 /* Encrypt */ = {
			isa = PBXNativeTarget;
			buildConfigurationList = B99EDEA7291D81C5009388D2 /* Build configuration list for PBXNativeTarget "Encrypt" */;
			buildPhases = (
				B99EDE95291D81C4009388D2 /* Sources */,
				B99EDE96291D81C4009388D2 /* Frameworks */,
				B99EDE97291D81C4009388D2 /* Resources */,
			);
			buildRules = (
			);
			dependencies = (
			);
			name = Encrypt;
			productName = Encrypt;
			productReference = B99EDE99291D81C4009388D2 /* Encrypt.app */;
			productType = "com.apple.product-type.application";
		};
/* End PBXNativeTarget section */

/* Begin PBXProject section */
		B99EDE91291D81C4009388D2 /* Project object */ = {
			isa = PBXProject;
			attributes = {
				BuildIndependentTargetsInParallel = 1;
				LastSwiftUpdateCheck = 1410;
				LastUpgradeCheck = 1410;
				TargetAttributes = {
					B99EDE98291D81C4009388D2 = {
						CreatedOnToolsVersion = 14.1;
					};
				};
			};
			buildConfigurationList = B99EDE94291D81C4009388D2 /* Build configuration list for PBXProject "Encrypt" */;
			compatibilityVersion = "Xcode 14.0";
			developmentRegion = en;
			hasScannedForEncodings = 0;
			knownRegions = (
				en,
				Base,
			);
			mainGroup = B99EDE90291D81C4009388D2;
			productRefGroup = B99EDE9A291D81C4009388D2 /* Products */;
			projectDirPath = "";
			projectRoot = "";
			targets = (
				B99EDE98291D81C4009388D2 /* Encrypt */,
			);
		};
/* End PBXProject section */

/* Begin PBXResourcesBuildPhase section */
		B99EDE97291D81C4009388D2 /* Resources */ = {
			isa = PBXResourcesBuildPhase;
			buildActionMask = 2147483647;
			files = (
				B99EDEA4291D81C5009388D2 /* Preview Assets.xcassets in Resources */,
				B99EDEA1291D81C5009388D2 /* Assets.xcassets in Resources */,
			);
			runOnlyForDeploymentPostprocessing = 0;
		};
/* End PBXResourcesBuildPhase section */

/* Begin PBXSourcesBuildPhase section */
		B99EDE95291D81C4009388D2 /* Sources */ = {
			isa = PBXSourcesBuildPhase;
			buildActionMask = 2147483647;
			files = (
				B99EDE9F291D81C4009388D2 /* Selector.swift in Sources */,
				B99EDE9D291D81C4009388D2 /* EncryptApp.swift in Sources */,
				BE45274DB625FC8BCF57925D /* Lab4Task2.swift in Sources */,
				BE4529FEECD7ECAFE6557347 /* Lab4Task1.swift in Sources */,
				BE4523936D29EB01D2BB9555 /* Lab6Task1.swift in Sources */,
				BE452B2ED3747871FE2F02A8 /* Lab7Task1.swift in Sources */,
			);
			runOnlyForDeploymentPostprocessing = 0;
		};
/* End PBXSourcesBuildPhase section */

/* Begin XCBuildConfiguration section */
		B99EDEA5291D81C5009388D2 /* Debug */ = {
			isa = XCBuildConfiguration;
			buildSettings = {
				ALWAYS_SEARCH_USER_PATHS = NO;
				CLANG_ANALYZER_NONNULL = YES;
				CLANG_ANALYZER_NUMBER_OBJECT_CONVERSION = YES_AGGRESSIVE;
				CLANG_CXX_LANGUAGE_STANDARD = "gnu++20";
				CLANG_ENABLE_MODULES = YES;
				CLANG_ENABLE_OBJC_ARC = YES;
				CLANG_ENABLE_OBJC_WEAK = YES;
				CLANG_WARN_BLOCK_CAPTURE_AUTORELEASING = YES;
				CLANG_WARN_BOOL_CONVERSION = YES;
				CLANG_WARN_COMMA = YES;
				CLANG_WARN_CONSTANT_CONVERSION = YES;
				CLANG_WARN_DEPRECATED_OBJC_IMPLEMENTATIONS = YES;
				CLANG_WARN_DIRECT_OBJC_ISA_USAGE = YES_ERROR;
				CLANG_WARN_DOCUMENTATION_COMMENTS = YES;
				CLANG_WARN_EMPTY_BODY = YES;
				CLANG_WARN_ENUM_CONVERSION = YES;
				CLANG_WARN_INFINITE_RECURSION = YES;
				CLANG_WARN_INT_CONVERSION = YES;
				CLANG_WARN_NON_LITERAL_NULL_CONVERSION = YES;
				CLANG_WARN_OBJC_IMPLICIT_RETAIN_SELF = YES;
				CLANG_WARN_OBJC_LITERAL_CONVERSION = YES;
				CLANG_WARN_OBJC_ROOT_CLASS = YES_ERROR;
				CLANG_WARN_QUOTED_INCLUDE_IN_FRAMEWORK_HEADER = YES;
				CLANG_WARN_RANGE_LOOP_ANALYSIS = YES;
				CLANG_WARN_STRICT_PROTOTYPES = YES;
				CLANG_WARN_SUSPICIOUS_MOVE = YES;
				CLANG_WARN_UNGUARDED_AVAILABILITY = YES_AGGRESSIVE;
				CLANG_WARN_UNREACHABLE_CODE = YES;
				CLANG_WARN__DUPLICATE_METHOD_MATCH = YES;
				COPY_PHASE_STRIP = NO;
				DEBUG_INFORMATION_FORMAT = dwarf;
				ENABLE_STRICT_OBJC_MSGSEND = YES;
				ENABLE_TESTABILITY = YES;
				GCC_C_LANGUAGE_STANDARD = gnu11;
				GCC_DYNAMIC_NO_PIC = NO;
				GCC_NO_COMMON_BLOCKS = YES;
				GCC_OPTIMIZATION_LEVEL = 0;
				GCC_PREPROCESSOR_DEFINITIONS = (
					"DEBUG=1",
					"$(inherited)",
				);
				GCC_WARN_64_TO_32_BIT_CONVERSION = YES;
				GCC_WARN_ABOUT_RETURN_TYPE = YES_ERROR;
				GCC_WARN_UNDECLARED_SELECTOR = YES;
				GCC_WARN_UNINITIALIZED_AUTOS = YES_AGGRESSIVE;
				GCC_WARN_UNUSED_FUNCTION = YES;
				GCC_WARN_UNUSED_VARIABLE = YES;
				IPHONEOS_DEPLOYMENT_TARGET = 16.1;
				MTL_ENABLE_DEBUG_INFO = INCLUDE_SOURCE;
				MTL_FAST_MATH = YES;
				ONLY_ACTIVE_ARCH = YES;
				SDKROOT = iphoneos;
				SWIFT_ACTIVE_COMPILATION_CONDITIONS = DEBUG;
				SWIFT_OPTIMIZATION_LEVEL = "-Onone";
			};
			name = Debug;
		};
		B99EDEA6291D81C5009388D2 /* Release */ = {
			isa = XCBuildConfiguration;
			buildSettings = {
				ALWAYS_SEARCH_USER_PATHS = NO;
				CLANG_ANALYZER_NONNULL = YES;
				CLANG_ANALYZER_NUMBER_OBJECT_CONVERSION = YES_AGGRESSIVE;
				CLANG_CXX_LANGUAGE_STANDARD = "gnu++20";
				CLANG_ENABLE_MODULES = YES;
				CLANG_ENABLE_OBJC_ARC = YES;
				CLANG_ENABLE_OBJC_WEAK = YES;
				CLANG_WARN_BLOCK_CAPTURE_AUTORELEASING = YES;
				CLANG_WARN_BOOL_CONVERSION = YES;
				CLANG_WARN_COMMA = YES;
				CLANG_WARN_CONSTANT_CONVERSION = YES;
				CLANG_WARN_DEPRECATED_OBJC_IMPLEMENTATIONS = YES;
				CLANG_WARN_DIRECT_OBJC_ISA_USAGE = YES_ERROR;
				CLANG_WARN_DOCUMENTATION_COMMENTS = YES;
				CLANG_WARN_EMPTY_BODY = YES;
				CLANG_WARN_ENUM_CONVERSION = YES;
				CLANG_WARN_INFINITE_RECURSION = YES;
				CLANG_WARN_INT_CONVERSION = YES;
				CLANG_WARN_NON_LITERAL_NULL_CONVERSION = YES;
				CLANG_WARN_OBJC_IMPLICIT_RETAIN_SELF = YES;
				CLANG_WARN_OBJC_LITERAL_CONVERSION = YES;
				CLANG_WARN_OBJC_ROOT_CLASS = YES_ERROR;
				CLANG_WARN_QUOTED_INCLUDE_IN_FRAMEWORK_HEADER = YES;
				CLANG_WARN_RANGE_LOOP_ANALYSIS = YES;
				CLANG_WARN_STRICT_PROTOTYPES = YES;
				CLANG_WARN_SUSPICIOUS_MOVE = YES;
				CLANG_WARN_UNGUARDED_AVAILABILITY = YES_AGGRESSIVE;
				CLANG_WARN_UNREACHABLE_CODE = YES;
				CLANG_WARN__DUPLICATE_METHOD_MATCH = YES;
				COPY_PHASE_STRIP = NO;
				DEBUG_INFORMATION_FORMAT = "dwarf-with-dsym";
				ENABLE_NS_ASSERTIONS = NO;
				ENABLE_STRICT_OBJC_MSGSEND = YES;
				GCC_C_LANGUAGE_STANDARD = gnu11;
				GCC_NO_COMMON_BLOCKS = YES;
				GCC_WARN_64_TO_32_BIT_CONVERSION = YES;
				GCC_WARN_ABOUT_RETURN_TYPE = YES_ERROR;
				GCC_WARN_UNDECLARED_SELECTOR = YES;
				GCC_WARN_UNINITIALIZED_AUTOS = YES_AGGRESSIVE;
				GCC_WARN_UNUSED_FUNCTION = YES;
				GCC_WARN_UNUSED_VARIABLE = YES;
				IPHONEOS_DEPLOYMENT_TARGET = 16.1;
				MTL_ENABLE_DEBUG_INFO = NO;
				MTL_FAST_MATH = YES;
				SDKROOT = iphoneos;
				SWIFT_COMPILATION_MODE = wholemodule;
				SWIFT_OPTIMIZATION_LEVEL = "-O";
				VALIDATE_PRODUCT = YES;
			};
			name = Release;
		};
		B99EDEA8291D81C5009388D2 /* Debug */ = {
			isa = XCBuildConfiguration;
			buildSettings = {
				ASSETCATALOG_COMPILER_APPICON_NAME = AppIcon;
				ASSETCATALOG_COMPILER_GLOBAL_ACCENT_COLOR_NAME = AccentColor;
				CODE_SIGN_STYLE = Automatic;
				CURRENT_PROJECT_VERSION = 1;
				DEVELOPMENT_ASSET_PATHS = "\"Encrypt/Preview Content\"";
				DEVELOPMENT_TEAM = RG54PLB85V;
				ENABLE_PREVIEWS = YES;
				GENERATE_INFOPLIST_FILE = YES;
				INFOPLIST_KEY_UIApplicationSceneManifest_Generation = YES;
				INFOPLIST_KEY_UIApplicationSupportsIndirectInputEvents = YES;
				INFOPLIST_KEY_UILaunchScreen_Generation = YES;
				INFOPLIST_KEY_UISupportedInterfaceOrientations_iPad = "UIInterfaceOrientationPortrait UIInterfaceOrientationPortraitUpsideDown UIInterfaceOrientationLandscapeLeft UIInterfaceOrientationLandscapeRight";
				INFOPLIST_KEY_UISupportedInterfaceOrientations_iPhone = "UIInterfaceOrientationPortrait UIInterfaceOrientationLandscapeLeft UIInterfaceOrientationLandscapeRight";
				LD_RUNPATH_SEARCH_PATHS = (
					"$(inherited)",
					"@executable_path/Frameworks",
				);
				MARKETING_VERSION = 1.0;
				PRODUCT_BUNDLE_IDENTIFIER = likco.Encrypt;
				PRODUCT_NAME = "$(TARGET_NAME)";
				SWIFT_EMIT_LOC_STRINGS = YES;
				SWIFT_VERSION = 5.0;
				TARGETED_DEVICE_FAMILY = "1,2";
			};
			name = Debug;
		};
		B99EDEA9291D81C5009388D2 /* Release */ = {
			isa = XCBuildConfiguration;
			buildSettings = {
				ASSETCATALOG_COMPILER_APPICON_NAME = AppIcon;
				ASSETCATALOG_COMPILER_GLOBAL_ACCENT_COLOR_NAME = AccentColor;
				CODE_SIGN_STYLE = Automatic;
				CURRENT_PROJECT_VERSION = 1;
				DEVELOPMENT_ASSET_PATHS = "\"Encrypt/Preview Content\"";
				DEVELOPMENT_TEAM = RG54PLB85V;
				ENABLE_PREVIEWS = YES;
				GENERATE_INFOPLIST_FILE = YES;
				INFOPLIST_KEY_UIApplicationSceneManifest_Generation = YES;
				INFOPLIST_KEY_UIApplicationSupportsIndirectInputEvents = YES;
				INFOPLIST_KEY_UILaunchScreen_Generation = YES;
				INFOPLIST_KEY_UISupportedInterfaceOrientations_iPad = "UIInterfaceOrientationPortrait UIInterfaceOrientationPortraitUpsideDown UIInterfaceOrientationLandscapeLeft UIInterfaceOrientationLandscapeRight";
				INFOPLIST_KEY_UISupportedInterfaceOrientations_iPhone = "UIInterfaceOrientationPortrait UIInterfaceOrientationLandscapeLeft UIInterfaceOrientationLandscapeRight";
				LD_RUNPATH_SEARCH_PATHS = (
					"$(inherited)",
					"@executable_path/Frameworks",
				);
				MARKETING_VERSION = 1.0;
				PRODUCT_BUNDLE_IDENTIFIER = likco.Encrypt;
				PRODUCT_NAME = "$(TARGET_NAME)";
				SWIFT_EMIT_LOC_STRINGS = YES;
				SWIFT_VERSION = 5.0;
				TARGETED_DEVICE_FAMILY = "1,2";
			};
			name = Release;
		};
/* End XCBuildConfiguration section */

/* Begin XCConfigurationList section */
		B99EDE94291D81C4009388D2 /* Build configuration list for PBXProject "Encrypt" */ = {
			isa = XCConfigurationList;
			buildConfigurations = (
				B99EDEA5291D81C5009388D2 /* Debug */,
				B99EDEA6291D81C5009388D2 /* Release */,
			);
			defaultConfigurationIsVisible = 0;
			defaultConfigurationName = Release;
		};
		B99EDEA7291D81C5009388D2 /* Build configuration list for PBXNativeTarget "Encrypt" */ = {
			isa = XCConfigurationList;
			buildConfigurations = (
				B99EDEA8291D81C5009388D2 /* Debug */,
				B99EDEA9291D81C5009388D2 /* Release */,
			);
			defaultConfigurationIsVisible = 0;
			defaultConfigurationName = Release;
		};
/* End XCConfigurationList section */
	};
	rootObject = B99EDE91291D81C4009388D2 /* Project object */;
}
